
Microsoft Visual Studio Solution File, Format Version 12.00
# Visual Studio Version 16
VisualStudioVersion = 16.0.34729.46
MinimumVisualStudioVersion = 10.0.40219.1
Project("{FAE04EC0-301F-11D3-BF4B-00C04F79EFBC}") = "project11", "project11\project11.csproj", "{CFA66F3D-097E-4AF8-8D89-6BACAC97033A}"
EndProject
Project("{2150E333-8FDC-42A3-9474-1A3956D46DE8}") = "Solution Items", "Solution Items", "{F79D0F2E-661D-44E6-AACD-3CE43823B1E7}"
	ProjectSection(SolutionItems) = preProject
		DbContext.cs = DbContext.cs
	EndProjectSection
EndProject
Global
	GlobalSection(SolutionConfigurationPlatforms) = preSolution
		Debug|Any CPU = Debug|Any CPU
		Release|Any CPU = Release|Any CPU
	EndGlobalSection
	GlobalSection(ProjectConfigurationPlatforms) = postSolution
		{CFA66F3D-097E-4AF8-8D89-6BACAC97033A}.Debug|Any CPU.ActiveCfg = Debug|Any CPU
		{CFA66F3D-097E-4AF8-8D89-6BACAC97033A}.Debug|Any CPU.Build.0 = Debug|Any CPU
		{CFA66F3D-097E-4AF8-8D89-6BACAC97033A}.Release|Any CPU.ActiveCfg = Release|Any CPU
		{CFA66F3D-097E-4AF8-8D89-6BACAC97033A}.Release|Any CPU.Build.0 = Release|Any CPU
	EndGlobalSection
	GlobalSection(SolutionProperties) = preSolution
		HideSolutionNode = FALSE
	EndGlobalSection
	GlobalSection(ExtensibilityGlobals) = postSolution
		SolutionGuid = {1D821081-ADB1-420D-86A4-CD40B57EBC72}
	EndGlobalSection
EndGlobal
